
Microsoft Visual Studio Solution File, Format Version 12.00
# Visual Studio Version 16
VisualStudioVersion = 16.0.30717.126
MinimumVisualStudioVersion = 10.0.40219.1
Project("{9A19103F-16F7-4668-BE54-9A1E7A4F7556}") = "LiskovTest", "LiskovTest\LiskovTest.csproj", "{16FCDD93-659E-4131-A695-52D100DB2A52}"
EndProject
Project("{FAE04EC0-301F-11D3-BF4B-00C04F79EFBC}") = "SegregacionDeInterfaces", "SegregacionDeInterfaces\SegregacionDeInterfaces.csproj", "{D53FCD5B-237E-4B4E-B0F1-8F535E3F7A2A}"
EndProject
Global
	GlobalSection(SolutionConfigurationPlatforms) = preSolution
		Debug|Any CPU = Debug|Any CPU
		Release|Any CPU = Release|Any CPU
	EndGlobalSection
	GlobalSection(ProjectConfigurationPlatforms) = postSolution
		{16FCDD93-659E-4131-A695-52D100DB2A52}.Debug|Any CPU.ActiveCfg = Debug|Any CPU
		{16FCDD93-659E-4131-A695-52D100DB2A52}.Debug|Any CPU.Build.0 = Debug|Any CPU
		{16FCDD93-659E-4131-A695-52D100DB2A52}.Release|Any CPU.ActiveCfg = Release|Any CPU
		{16FCDD93-659E-4131-A695-52D100DB2A52}.Release|Any CPU.Build.0 = Release|Any CPU
		{D53FCD5B-237E-4B4E-B0F1-8F535E3F7A2A}.Debug|Any CPU.ActiveCfg = Debug|Any CPU
		{D53FCD5B-237E-4B4E-B0F1-8F535E3F7A2A}.Debug|Any CPU.Build.0 = Debug|Any CPU
		{D53FCD5B-237E-4B4E-B0F1-8F535E3F7A2A}.Release|Any CPU.ActiveCfg = Release|Any CPU
		{D53FCD5B-237E-4B4E-B0F1-8F535E3F7A2A}.Release|Any CPU.Build.0 = Release|Any CPU
	EndGlobalSection
	GlobalSection(SolutionProperties) = preSolution
		HideSolutionNode = FALSE
	EndGlobalSection
	GlobalSection(ExtensibilityGlobals) = postSolution
		SolutionGuid = {FDE39FA7-5211-4C88-9029-C064C7DF5196}
	EndGlobalSection
EndGlobal
